// !$*UTF8*$!
{
	archiveVersion = 1;
	classes = {
	};
	objectVersion = 55;
	objects = {

/* Begin PBXBuildFile section */
		AF21785228E07A1D00A92180 /* AppDelegate.swift in Sources */ = {isa = PBXBuildFile; fileRef = AF21785128E07A1D00A92180 /* AppDelegate.swift */; };
		AF21785428E07A1D00A92180 /* SceneDelegate.swift in Sources */ = {isa = PBXBuildFile; fileRef = AF21785328E07A1D00A92180 /* SceneDelegate.swift */; };
		AF21785628E07A1D00A92180 /* ViewController.swift in Sources */ = {isa = PBXBuildFile; fileRef = AF21785528E07A1D00A92180 /* ViewController.swift */; };
		AF21785928E07A1D00A92180 /* Main.storyboard in Resources */ = {isa = PBXBuildFile; fileRef = AF21785728E07A1D00A92180 /* Main.storyboard */; };
		AF21785B28E07A1E00A92180 /* Assets.xcassets in Resources */ = {isa = PBXBuildFile; fileRef = AF21785A28E07A1E00A92180 /* Assets.xcassets */; };
		AF21785E28E07A1E00A92180 /* LaunchScreen.storyboard in Resources */ = {isa = PBXBuildFile; fileRef = AF21785C28E07A1E00A92180 /* LaunchScreen.storyboard */; };
		AFF090EA28E5AFFE00082677 /* pearVC.swift in Sources */ = {isa = PBXBuildFile; fileRef = AFF090E928E5AFFE00082677 /* pearVC.swift */; };
		AFF090EC28E5B01700082677 /* appleVC.swift in Sources */ = {isa = PBXBuildFile; fileRef = AFF090EB28E5B01700082677 /* appleVC.swift */; };
		AFF090EE28E5B02500082677 /* lemonVC.swift in Sources */ = {isa = PBXBuildFile; fileRef = AFF090ED28E5B02500082677 /* lemonVC.swift */; };
		AFF090F028E5B6DB00082677 /* strawberryVC.swift in Sources */ = {isa = PBXBuildFile; fileRef = AFF090EF28E5B6DB00082677 /* strawberryVC.swift */; };
/* End PBXBuildFile section */

/* Begin PBXFileReference section */
		AF21784E28E07A1D00A92180 /* bananas.app */ = {isa = PBXFileReference; explicitFileType = wrapper.application; includeInIndex = 0; path = bananas.app; sourceTree = BUILT_PRODUCTS_DIR; };
		AF21785128E07A1D00A92180 /* AppDelegate.swift */ = {isa = PBXFileReference; lastKnownFileType = sourcecode.swift; path = AppDelegate.swift; sourceTree = "<group>"; };
		AF21785328E07A1D00A92180 /* SceneDelegate.swift */ = {isa = PBXFileReference; lastKnownFileType = sourcecode.swift; path = SceneDelegate.swift; sourceTree = "<group>"; };
		AF21785528E07A1D00A92180 /* ViewController.swift */ = {isa = PBXFileReference; lastKnownFileType = sourcecode.swift; path = ViewController.swift; sourceTree = "<group>"; };
		AF21785828E07A1D00A92180 /* Base */ = {isa = PBXFileReference; lastKnownFileType = file.storyboard; name = Base; path = Base.lproj/Main.storyboard; sourceTree = "<group>"; };
		AF21785A28E07A1E00A92180 /* Assets.xcassets */ = {isa = PBXFileReference; lastKnownFileType = folder.assetcatalog; path = Assets.xcassets; sourceTree = "<group>"; };
		AF21785D28E07A1E00A92180 /* Base */ = {isa = PBXFileReference; lastKnownFileType = file.storyboard; name = Base; path = Base.lproj/LaunchScreen.storyboard; sourceTree = "<group>"; };
		AF21785F28E07A1E00A92180 /* Info.plist */ = {isa = PBXFileReference; lastKnownFileType = text.plist.xml; path = Info.plist; sourceTree = "<group>"; };
		AFF090E928E5AFFE00082677 /* pearVC.swift */ = {isa = PBXFileReference; lastKnownFileType = sourcecode.swift; path = pearVC.swift; sourceTree = "<group>"; };
		AFF090EB28E5B01700082677 /* appleVC.swift */ = {isa = PBXFileReference; lastKnownFileType = sourcecode.swift; path = appleVC.swift; sourceTree = "<group>"; };
		AFF090ED28E5B02500082677 /* lemonVC.swift */ = {isa = PBXFileReference; lastKnownFileType = sourcecode.swift; path = lemonVC.swift; sourceTree = "<group>"; };
		AFF090EF28E5B6DB00082677 /* strawberryVC.swift */ = {isa = PBXFileReference; lastKnownFileType = sourcecode.swift; path = strawberryVC.swift; sourceTree = "<group>"; };
/* End PBXFileReference section */

/* Begin PBXFrameworksBuildPhase section */
		AF21784B28E07A1D00A92180 /* Frameworks */ = {
			isa = PBXFrameworksBuildPhase;
			buildActionMask = 2147483647;
			files = (
			);
			runOnlyForDeploymentPostprocessing = 0;
		};
/* End PBXFrameworksBuildPhase section */

/* Begin PBXGroup section */
		AF21784528E07A1D00A92180 = {
			isa = PBXGroup;
			children = (
				AF21785028E07A1D00A92180 /* bananas */,
				AF21784F28E07A1D00A92180 /* Products */,
			);
			sourceTree = "<group>";
		};
		AF21784F28E07A1D00A92180 /* Products */ = {
			isa = PBXGroup;
			children = (
				AF21784E28E07A1D00A92180 /* bananas.app */,
			);
			name = Products;
			sourceTree = "<group>";
		};
		AF21785028E07A1D00A92180 /* bananas */ = {
			isa = PBXGroup;
			children = (
				AF21785128E07A1D00A92180 /* AppDelegate.swift */,
				AF21785328E07A1D00A92180 /* SceneDelegate.swift */,
				AF21785528E07A1D00A92180 /* ViewController.swift */,
				AF21785728E07A1D00A92180 /* Main.storyboard */,
				AF21785A28E07A1E00A92180 /* Assets.xcassets */,
				AF21785C28E07A1E00A92180 /* LaunchScreen.storyboard */,
				AF21785F28E07A1E00A92180 /* Info.plist */,
				AFF090E928E5AFFE00082677 /* pearVC.swift */,
				AFF090EB28E5B01700082677 /* appleVC.swift */,
				AFF090ED28E5B02500082677 /* lemonVC.swift */,
				AFF090EF28E5B6DB00082677 /* strawberryVC.swift */,
			);
			path = bananas;
			sourceTree = "<group>";
		};
/* End PBXGroup section */

/* Begin PBXNativeTarget section */
		AF21784D28E07A1D00A92180 /* bananas */ = {
			isa = PBXNativeTarget;
			buildConfigurationList = AF21786228E07A1E00A92180 /* Build configuration list for PBXNativeTarget "bananas" */;
			buildPhases = (
				AF21784A28E07A1D00A92180 /* Sources */,
				AF21784B28E07A1D00A92180 /* Frameworks */,
				AF21784C28E07A1D00A92180 /* Resources */,
			);
			buildRules = (
			);
			dependencies = (
			);
			name = bananas;
			productName = bananas;
			productReference = AF21784E28E07A1D00A92180 /* bananas.app */;
			productType = "com.apple.product-type.application";
		};
/* End PBXNativeTarget section */

/* Begin PBXProject section */
		AF21784628E07A1D00A92180 /* Project object */ = {
			isa = PBXProject;
			attributes = {
				BuildIndependentTargetsInParallel = 1;
				LastSwiftUpdateCheck = 1340;
				LastUpgradeCheck = 1340;
				TargetAttributes = {
					AF21784D28E07A1D00A92180 = {
						CreatedOnToolsVersion = 13.4.1;
					};
				};
			};
			buildConfigurationList = AF21784928E07A1D00A92180 /* Build configuration list for PBXProject "bananas" */;
			compatibilityVersion = "Xcode 13.0";
			developmentRegion = en;
			hasScannedForEncodings = 0;
			knownRegions = (
				en,
				Base,
			);
			mainGroup = AF21784528E07A1D00A92180;
			productRefGroup = AF21784F28E07A1D00A92180 /* Products */;
			projectDirPath = "";
			projectRoot = "";
			targets = (
				AF21784D28E07A1D00A92180 /* bananas */,
			);
		};
/* End PBXProject section */

/* Begin PBXResourcesBuildPhase section */
		AF21784C28E07A1D00A92180 /* Resources */ = {
			isa = PBXResourcesBuildPhase;
			buildActionMask = 2147483647;
			files = (
				AF21785E28E07A1E00A92180 /* LaunchScreen.storyboard in Resources */,
				AF21785B28E07A1E00A92180 /* Assets.xcassets in Resources */,
				AF21785928E07A1D00A92180 /* Main.storyboard in Resources */,
			);
			runOnlyForDeploymentPostprocessing = 0;
		};
/* End PBXResourcesBuildPhase section */

/* Begin PBXSourcesBuildPhase section */
		AF21784A28E07A1D00A92180 /* Sources */ = {
			isa = PBXSourcesBuildPhase;
			buildActionMask = 2147483647;
			files = (
				AFF090EA28E5AFFE00082677 /* pearVC.swift in Sources */,
				AF21785628E07A1D00A92180 /* ViewController.swift in Sources */,
				AFF090EE28E5B02500082677 /* lemonVC.swift in Sources */,
				AF21785228E07A1D00A92180 /* AppDelegate.swift in Sources */,
				AFF090EC28E5B01700082677 /* appleVC.swift in Sources */,
				AFF090F028E5B6DB00082677 /* strawberryVC.swift in Sources */,
				AF21785428E07A1D00A92180 /* SceneDelegate.swift in Sources */,
			);
			runOnlyForDeploymentPostprocessing = 0;
		};
/* End PBXSourcesBuildPhase section */

/* Begin PBXVariantGroup section */
		AF21785728E07A1D00A92180 /* Main.storyboard */ = {
			isa = PBXVariantGroup;
			children = (
				AF21785828E07A1D00A92180 /* Base */,
			);
			name = Main.storyboard;
			sourceTree = "<group>";
		};
		AF21785C28E07A1E00A92180 /* LaunchScreen.storyboard */ = {
			isa = PBXVariantGroup;
			children = (
				AF21785D28E07A1E00A92180 /* Base */,
			);
			name = LaunchScreen.storyboard;
			sourceTree = "<group>";
		};
/* End PBXVariantGroup section */

/* Begin XCBuildConfiguration section */
		AF21786028E07A1E00A92180 /* Debug */ = {
			isa = XCBuildConfiguration;
			buildSettings = {
				ALWAYS_SEARCH_USER_PATHS = NO;
				CLANG_ANALYZER_NONNULL = YES;
				CLANG_ANALYZER_NUMBER_OBJECT_CONVERSION = YES_AGGRESSIVE;
				CLANG_CXX_LANGUAGE_STANDARD = "gnu++17";
				CLANG_ENABLE_MODULES = YES;
				CLANG_ENABLE_OBJC_ARC = YES;
				CLANG_ENABLE_OBJC_WEAK = YES;
				CLANG_WARN_BLOCK_CAPTURE_AUTORELEASING = YES;
				CLANG_WARN_BOOL_CONVERSION = YES;
				CLANG_WARN_COMMA = YES;
				CLANG_WARN_CONSTANT_CONVERSION = YES;
				CLANG_WARN_DEPRECATED_OBJC_IMPLEMENTATIONS = YES;
				CLANG_WARN_DIRECT_OBJC_ISA_USAGE = YES_ERROR;
				CLANG_WARN_DOCUMENTATION_COMMENTS = YES;
				CLANG_WARN_EMPTY_BODY = YES;
				CLANG_WARN_ENUM_CONVERSION = YES;
				CLANG_WARN_INFINITE_RECURSION = YES;
				CLANG_WARN_INT_CONVERSION = YES;
				CLANG_WARN_NON_LITERAL_NULL_CONVERSION = YES;
				CLANG_WARN_OBJC_IMPLICIT_RETAIN_SELF = YES;
				CLANG_WARN_OBJC_LITERAL_CONVERSION = YES;
				CLANG_WARN_OBJC_ROOT_CLASS = YES_ERROR;
				CLANG_WARN_QUOTED_INCLUDE_IN_FRAMEWORK_HEADER = YES;
				CLANG_WARN_RANGE_LOOP_ANALYSIS = YES;
				CLANG_WARN_STRICT_PROTOTYPES = YES;
				CLANG_WARN_SUSPICIOUS_MOVE = YES;
				CLANG_WARN_UNGUARDED_AVAILABILITY = YES_AGGRESSIVE;
				CLANG_WARN_UNREACHABLE_CODE = YES;
				CLANG_WARN__DUPLICATE_METHOD_MATCH = YES;
				COPY_PHASE_STRIP = NO;
				DEBUG_INFORMATION_FORMAT = dwarf;
				ENABLE_STRICT_OBJC_MSGSEND = YES;
				ENABLE_TESTABILITY = YES;
				GCC_C_LANGUAGE_STANDARD = gnu11;
				GCC_DYNAMIC_NO_PIC = NO;
				GCC_NO_COMMON_BLOCKS = YES;
				GCC_OPTIMIZATION_LEVEL = 0;
				GCC_PREPROCESSOR_DEFINITIONS = (
					"DEBUG=1",
					"$(inherited)",
				);
				GCC_WARN_64_TO_32_BIT_CONVERSION = YES;
				GCC_WARN_ABOUT_RETURN_TYPE = YES_ERROR;
				GCC_WARN_UNDECLARED_SELECTOR = YES;
				GCC_WARN_UNINITIALIZED_AUTOS = YES_AGGRESSIVE;
				GCC_WARN_UNUSED_FUNCTION = YES;
				GCC_WARN_UNUSED_VARIABLE = YES;
				IPHONEOS_DEPLOYMENT_TARGET = 15.5;
				MTL_ENABLE_DEBUG_INFO = INCLUDE_SOURCE;
				MTL_FAST_MATH = YES;
				ONLY_ACTIVE_ARCH = YES;
				SDKROOT = iphoneos;
				SWIFT_ACTIVE_COMPILATION_CONDITIONS = DEBUG;
				SWIFT_OPTIMIZATION_LEVEL = "-Onone";
			};
			name = Debug;
		};
		AF21786128E07A1E00A92180 /* Release */ = {
			isa = XCBuildConfiguration;
			buildSettings = {
				ALWAYS_SEARCH_USER_PATHS = NO;
				CLANG_ANALYZER_NONNULL = YES;
				CLANG_ANALYZER_NUMBER_OBJECT_CONVERSION = YES_AGGRESSIVE;
				CLANG_CXX_LANGUAGE_STANDARD = "gnu++17";
				CLANG_ENABLE_MODULES = YES;
				CLANG_ENABLE_OBJC_ARC = YES;
				CLANG_ENABLE_OBJC_WEAK = YES;
				CLANG_WARN_BLOCK_CAPTURE_AUTORELEASING = YES;
				CLANG_WARN_BOOL_CONVERSION = YES;
				CLANG_WARN_COMMA = YES;
				CLANG_WARN_CONSTANT_CONVERSION = YES;
				CLANG_WARN_DEPRECATED_OBJC_IMPLEMENTATIONS = YES;
				CLANG_WARN_DIRECT_OBJC_ISA_USAGE = YES_ERROR;
				CLANG_WARN_DOCUMENTATION_COMMENTS = YES;
				CLANG_WARN_EMPTY_BODY = YES;
				CLANG_WARN_ENUM_CONVERSION = YES;
				CLANG_WARN_INFINITE_RECURSION = YES;
				CLANG_WARN_INT_CONVERSION = YES;
				CLANG_WARN_NON_LITERAL_NULL_CONVERSION = YES;
				CLANG_WARN_OBJC_IMPLICIT_RETAIN_SELF = YES;
				CLANG_WARN_OBJC_LITERAL_CONVERSION = YES;
				CLANG_WARN_OBJC_ROOT_CLASS = YES_ERROR;
				CLANG_WARN_QUOTED_INCLUDE_IN_FRAMEWORK_HEADER = YES;
				CLANG_WARN_RANGE_LOOP_ANALYSIS = YES;
				CLANG_WARN_STRICT_PROTOTYPES = YES;
				CLANG_WARN_SUSPICIOUS_MOVE = YES;
				CLANG_WARN_UNGUARDED_AVAILABILITY = YES_AGGRESSIVE;
				CLANG_WARN_UNREACHABLE_CODE = YES;
				CLANG_WARN__DUPLICATE_METHOD_MATCH = YES;
				COPY_PHASE_STRIP = NO;
				DEBUG_INFORMATION_FORMAT = "dwarf-with-dsym";
				ENABLE_NS_ASSERTIONS = NO;
				ENABLE_STRICT_OBJC_MSGSEND = YES;
				GCC_C_LANGUAGE_STANDARD = gnu11;
				GCC_NO_COMMON_BLOCKS = YES;
				GCC_WARN_64_TO_32_BIT_CONVERSION = YES;
				GCC_WARN_ABOUT_RETURN_TYPE = YES_ERROR;
				GCC_WARN_UNDECLARED_SELECTOR = YES;
				GCC_WARN_UNINITIALIZED_AUTOS = YES_AGGRESSIVE;
				GCC_WARN_UNUSED_FUNCTION = YES;
				GCC_WARN_UNUSED_VARIABLE = YES;
				IPHONEOS_DEPLOYMENT_TARGET = 15.5;
				MTL_ENABLE_DEBUG_INFO = NO;
				MTL_FAST_MATH = YES;
				SDKROOT = iphoneos;
				SWIFT_COMPILATION_MODE = wholemodule;
				SWIFT_OPTIMIZATION_LEVEL = "-O";
				VALIDATE_PRODUCT = YES;
			};
			name = Release;
		};
		AF21786328E07A1E00A92180 /* Debug */ = {
			isa = XCBuildConfiguration;
			buildSettings = {
				ASSETCATALOG_COMPILER_APPICON_NAME = AppIcon;
				ASSETCATALOG_COMPILER_GLOBAL_ACCENT_COLOR_NAME = AccentColor;
				CODE_SIGN_STYLE = Automatic;
				CURRENT_PROJECT_VERSION = 1;
				GENERATE_INFOPLIST_FILE = YES;
				INFOPLIST_FILE = bananas/Info.plist;
				INFOPLIST_KEY_UIApplicationSupportsIndirectInputEvents = YES;
				INFOPLIST_KEY_UILaunchStoryboardName = LaunchScreen;
				INFOPLIST_KEY_UIMainStoryboardFile = Main;
				INFOPLIST_KEY_UISupportedInterfaceOrientations_iPad = "UIInterfaceOrientationPortrait UIInterfaceOrientationPortraitUpsideDown UIInterfaceOrientationLandscapeLeft UIInterfaceOrientationLandscapeRight";
				INFOPLIST_KEY_UISupportedInterfaceOrientations_iPhone = "UIInterfaceOrientationPortrait UIInterfaceOrientationLandscapeLeft UIInterfaceOrientationLandscapeRight";
				LD_RUNPATH_SEARCH_PATHS = (
					"$(inherited)",
					"@executable_path/Frameworks",
				);
				MARKETING_VERSION = 1.0;
				PRODUCT_BUNDLE_IDENTIFIER = "Rounded-LLC.bananas";
				PRODUCT_NAME = "$(TARGET_NAME)";
				SWIFT_EMIT_LOC_STRINGS = YES;
				SWIFT_VERSION = 5.0;
				TARGETED_DEVICE_FAMILY = "1,2";
			};
			name = Debug;
		};
		AF21786428E07A1E00A92180 /* Release */ = {
			isa = XCBuildConfiguration;
			buildSettings = {
				ASSETCATALOG_COMPILER_APPICON_NAME = AppIcon;
				ASSETCATALOG_COMPILER_GLOBAL_ACCENT_COLOR_NAME = AccentColor;
				CODE_SIGN_STYLE = Automatic;
				CURRENT_PROJECT_VERSION = 1;
				GENERATE_INFOPLIST_FILE = YES;
				INFOPLIST_FILE = bananas/Info.plist;
				INFOPLIST_KEY_UIApplicationSupportsIndirectInputEvents = YES;
				INFOPLIST_KEY_UILaunchStoryboardName = LaunchScreen;
				INFOPLIST_KEY_UIMainStoryboardFile = Main;
				INFOPLIST_KEY_UISupportedInterfaceOrientations_iPad = "UIInterfaceOrientationPortrait UIInterfaceOrientationPortraitUpsideDown UIInterfaceOrientationLandscapeLeft UIInterfaceOrientationLandscapeRight";
				INFOPLIST_KEY_UISupportedInterfaceOrientations_iPhone = "UIInterfaceOrientationPortrait UIInterfaceOrientationLandscapeLeft UIInterfaceOrientationLandscapeRight";
				LD_RUNPATH_SEARCH_PATHS = (
					"$(inherited)",
					"@executable_path/Frameworks",
				);
				MARKETING_VERSION = 1.0;
				PRODUCT_BUNDLE_IDENTIFIER = "Rounded-LLC.bananas";
				PRODUCT_NAME = "$(TARGET_NAME)";
				SWIFT_EMIT_LOC_STRINGS = YES;
				SWIFT_VERSION = 5.0;
				TARGETED_DEVICE_FAMILY = "1,2";
			};
			name = Release;
		};
/* End XCBuildConfiguration section */

/* Begin XCConfigurationList section */
		AF21784928E07A1D00A92180 /* Build configuration list for PBXProject "bananas" */ = {
			isa = XCConfigurationList;
			buildConfigurations = (
				AF21786028E07A1E00A92180 /* Debug */,
				AF21786128E07A1E00A92180 /* Release */,
			);
			defaultConfigurationIsVisible = 0;
			defaultConfigurationName = Release;
		};
		AF21786228E07A1E00A92180 /* Build configuration list for PBXNativeTarget "bananas" */ = {
			isa = XCConfigurationList;
			buildConfigurations = (
				AF21786328E07A1E00A92180 /* Debug */,
				AF21786428E07A1E00A92180 /* Release */,
			);
			defaultConfigurationIsVisible = 0;
			defaultConfigurationName = Release;
		};
/* End XCConfigurationList section */
	};
	rootObject = AF21784628E07A1D00A92180 /* Project object */;
}
